
Microsoft Visual Studio Solution File, Format Version 12.00
# Visual Studio Version 17
VisualStudioVersion = 17.6.33815.320
MinimumVisualStudioVersion = 10.0.40219.1
Project("{FAE04EC0-301F-11D3-BF4B-00C04F79EFBC}") = "SignalR_Test", "SignalR_Test\SignalR_Test.csproj", "{51AB1BB6-3D36-4864-BA45-6FB71FCE0FAF}"
EndProject
Project("{FAE04EC0-301F-11D3-BF4B-00C04F79EFBC}") = "SignalR_Test.Client", "SignalR_Test.Client\SignalR_Test.Client.csproj", "{DE6B4CC5-F8B7-463E-BC75-4EF4812909F5}"
EndProject
Global
	GlobalSection(SolutionConfigurationPlatforms) = preSolution
		Debug|Any CPU = Debug|Any CPU
		Release|Any CPU = Release|Any CPU
	EndGlobalSection
	GlobalSection(ProjectConfigurationPlatforms) = postSolution
		{51AB1BB6-3D36-4864-BA45-6FB71FCE0FAF}.Debug|Any CPU.ActiveCfg = Debug|Any CPU
		{51AB1BB6-3D36-4864-BA45-6FB71FCE0FAF}.Debug|Any CPU.Build.0 = Debug|Any CPU
		{51AB1BB6-3D36-4864-BA45-6FB71FCE0FAF}.Release|Any CPU.ActiveCfg = Release|Any CPU
		{51AB1BB6-3D36-4864-BA45-6FB71FCE0FAF}.Release|Any CPU.Build.0 = Release|Any CPU
		{DE6B4CC5-F8B7-463E-BC75-4EF4812909F5}.Debug|Any CPU.ActiveCfg = Debug|Any CPU
		{DE6B4CC5-F8B7-463E-BC75-4EF4812909F5}.Debug|Any CPU.Build.0 = Debug|Any CPU
		{DE6B4CC5-F8B7-463E-BC75-4EF4812909F5}.Release|Any CPU.ActiveCfg = Release|Any CPU
		{DE6B4CC5-F8B7-463E-BC75-4EF4812909F5}.Release|Any CPU.Build.0 = Release|Any CPU
	EndGlobalSection
	GlobalSection(SolutionProperties) = preSolution
		HideSolutionNode = FALSE
	EndGlobalSection
	GlobalSection(ExtensibilityGlobals) = postSolution
		SolutionGuid = {96718C34-4B55-46B2-9823-28B44F23897B}
	EndGlobalSection
EndGlobal
